
Microsoft Visual Studio Solution File, Format Version 12.00
# Visual Studio Version 17
VisualStudioVersion = 17.9.34622.214
MinimumVisualStudioVersion = 10.0.40219.1
Project("{9A19103F-16F7-4668-BE54-9A1E7A4F7556}") = "Silicon", "Silicon\Silicon.csproj", "{18317080-AB6D-48A6-BE10-FA9470E15774}"
EndProject
Project("{9A19103F-16F7-4668-BE54-9A1E7A4F7556}") = "Infrastructure", "Infrastructure\Infrastructure.csproj", "{265B67EC-422B-4C09-B3B0-AE24C2CD23AF}"
EndProject
Global
	GlobalSection(SolutionConfigurationPlatforms) = preSolution
		Debug|Any CPU = Debug|Any CPU
		Release|Any CPU = Release|Any CPU
	EndGlobalSection
	GlobalSection(ProjectConfigurationPlatforms) = postSolution
		{18317080-AB6D-48A6-BE10-FA9470E15774}.Debug|Any CPU.ActiveCfg = Debug|Any CPU
		{18317080-AB6D-48A6-BE10-FA9470E15774}.Debug|Any CPU.Build.0 = Debug|Any CPU
		{18317080-AB6D-48A6-BE10-FA9470E15774}.Release|Any CPU.ActiveCfg = Release|Any CPU
		{18317080-AB6D-48A6-BE10-FA9470E15774}.Release|Any CPU.Build.0 = Release|Any CPU
		{265B67EC-422B-4C09-B3B0-AE24C2CD23AF}.Debug|Any CPU.ActiveCfg = Debug|Any CPU
		{265B67EC-422B-4C09-B3B0-AE24C2CD23AF}.Debug|Any CPU.Build.0 = Debug|Any CPU
		{265B67EC-422B-4C09-B3B0-AE24C2CD23AF}.Release|Any CPU.ActiveCfg = Release|Any CPU
		{265B67EC-422B-4C09-B3B0-AE24C2CD23AF}.Release|Any CPU.Build.0 = Release|Any CPU
	EndGlobalSection
	GlobalSection(SolutionProperties) = preSolution
		HideSolutionNode = FALSE
	EndGlobalSection
	GlobalSection(ExtensibilityGlobals) = postSolution
		SolutionGuid = {F76A45DE-56CC-4AD7-B4BF-96F8A7A53AFD}
	EndGlobalSection
EndGlobal
